
Microsoft Visual Studio Solution File, Format Version 12.00
# Visual Studio Version 17
VisualStudioVersion = 17.3.32901.215
MinimumVisualStudioVersion = 10.0.40219.1
Project("{FAE04EC0-301F-11D3-BF4B-00C04F79EFBC}") = "Pemrograman_1214078", "Pemrograman_1214078\Pemrograman_1214078.csproj", "{743DF6E7-08D1-4E2E-BD5D-25EEAD77A7EA}"
EndProject
Global
	GlobalSection(SolutionConfigurationPlatforms) = preSolution
		Debug|Any CPU = Debug|Any CPU
		Release|Any CPU = Release|Any CPU
	EndGlobalSection
	GlobalSection(ProjectConfigurationPlatforms) = postSolution
		{743DF6E7-08D1-4E2E-BD5D-25EEAD77A7EA}.Debug|Any CPU.ActiveCfg = Debug|Any CPU
		{743DF6E7-08D1-4E2E-BD5D-25EEAD77A7EA}.Debug|Any CPU.Build.0 = Debug|Any CPU
		{743DF6E7-08D1-4E2E-BD5D-25EEAD77A7EA}.Release|Any CPU.ActiveCfg = Release|Any CPU
		{743DF6E7-08D1-4E2E-BD5D-25EEAD77A7EA}.Release|Any CPU.Build.0 = Release|Any CPU
	EndGlobalSection
	GlobalSection(SolutionProperties) = preSolution
		HideSolutionNode = FALSE
	EndGlobalSection
	GlobalSection(ExtensibilityGlobals) = postSolution
		SolutionGuid = {7F41BE61-244E-4A72-82E7-3A6BF4E21FCE}
	EndGlobalSection
EndGlobal
